
Microsoft Visual Studio Solution File, Format Version 12.00
# Visual Studio 15
VisualStudioVersion = 15.0.27703.2026
MinimumVisualStudioVersion = 10.0.40219.1
Project("{FAE04EC0-301F-11D3-BF4B-00C04F79EFBC}") = "RAPID Syntax Checker", "RAPID Syntax Checker\RAPID Syntax Checker.csproj", "{CA3F21C0-247D-4B75-902F-FFAD805DDC37}"
EndProject
Global
	GlobalSection(SolutionConfigurationPlatforms) = preSolution
		Debug|Any CPU = Debug|Any CPU
		Release|Any CPU = Release|Any CPU
	EndGlobalSection
	GlobalSection(ProjectConfigurationPlatforms) = postSolution
		{CA3F21C0-247D-4B75-902F-FFAD805DDC37}.Debug|Any CPU.ActiveCfg = Debug|Any CPU
		{CA3F21C0-247D-4B75-902F-FFAD805DDC37}.Debug|Any CPU.Build.0 = Debug|Any CPU
		{CA3F21C0-247D-4B75-902F-FFAD805DDC37}.Release|Any CPU.ActiveCfg = Release|Any CPU
		{CA3F21C0-247D-4B75-902F-FFAD805DDC37}.Release|Any CPU.Build.0 = Release|Any CPU
	EndGlobalSection
	GlobalSection(SolutionProperties) = preSolution
		HideSolutionNode = FALSE
	EndGlobalSection
	GlobalSection(ExtensibilityGlobals) = postSolution
		SolutionGuid = {DAACBAE5-DC30-41DF-BBBA-18CC99252B41}
	EndGlobalSection
EndGlobal
